// !$*UTF8*$!
{
	archiveVersion = 1;
	classes = {
	};
	objectVersion = 54;
	objects = {

/* Begin PBXBuildFile section */
		160397511FA819CF000ED345 /* CaptureVideoPreview.swift in Sources */ = {isa = PBXBuildFile; fileRef = 160397501FA819CF000ED345 /* CaptureVideoPreview.swift */; };
		161180E32E19EAE400C4EA8D /* CaptureManager+Util.swift in Sources */ = {isa = PBXBuildFile; fileRef = 161180E22E19EAE400C4EA8D /* CaptureManager+Util.swift */; };
		161180E52E19EB7A00C4EA8D /* VideoSampleBufferHelper.swift in Sources */ = {isa = PBXBuildFile; fileRef = 161180E42E19EB7A00C4EA8D /* VideoSampleBufferHelper.swift */; };
		163BE4ED2E359A0500150D80 /* AudioChannelLayoutHelper.swift in Sources */ = {isa = PBXBuildFile; fileRef = 163BE4EC2E359A0500150D80 /* AudioChannelLayoutHelper.swift */; };
		168CD3311F9EA1980098EC35 /* DLABridging.framework in Frameworks */ = {isa = PBXBuildFile; fileRef = 16DC284C1F9C2D1E008AA3A2 /* DLABridging.framework */; };
		16DC28341F9C2C0C008AA3A2 /* DLABCaptureManager.h in Headers */ = {isa = PBXBuildFile; fileRef = 16DC28321F9C2C0C008AA3A2 /* DLABCaptureManager.h */; settings = {ATTRIBUTES = (Public, ); }; };
		16DC283F1F9C2C1C008AA3A2 /* CaptureWriter.swift in Sources */ = {isa = PBXBuildFile; fileRef = 16DC283A1F9C2C1C008AA3A2 /* CaptureWriter.swift */; };
		16DC28401F9C2C1C008AA3A2 /* CaptureTimecodeHelper.swift in Sources */ = {isa = PBXBuildFile; fileRef = 16DC283B1F9C2C1C008AA3A2 /* CaptureTimecodeHelper.swift */; };
		16DC28411F9C2C1C008AA3A2 /* CaptureAudioPreview.swift in Sources */ = {isa = PBXBuildFile; fileRef = 16DC283C1F9C2C1C008AA3A2 /* CaptureAudioPreview.swift */; };
		16DC28421F9C2C1C008AA3A2 /* CaptureManager.swift in Sources */ = {isa = PBXBuildFile; fileRef = 16DC283D1F9C2C1C008AA3A2 /* CaptureManager.swift */; };
		16DC28431F9C2C1C008AA3A2 /* VideoStyle.swift in Sources */ = {isa = PBXBuildFile; fileRef = 16DC283E1F9C2C1C008AA3A2 /* VideoStyle.swift */; };
/* End PBXBuildFile section */

/* Begin PBXFileReference section */
		160397501FA819CF000ED345 /* CaptureVideoPreview.swift */ = {isa = PBXFileReference; lastKnownFileType = sourcecode.swift; path = CaptureVideoPreview.swift; sourceTree = "<group>"; };
		161180E22E19EAE400C4EA8D /* CaptureManager+Util.swift */ = {isa = PBXFileReference; lastKnownFileType = sourcecode.swift; path = "CaptureManager+Util.swift"; sourceTree = "<group>"; };
		161180E42E19EB7A00C4EA8D /* VideoSampleBufferHelper.swift */ = {isa = PBXFileReference; lastKnownFileType = sourcecode.swift; path = VideoSampleBufferHelper.swift; sourceTree = "<group>"; };
		163BE4EC2E359A0500150D80 /* AudioChannelLayoutHelper.swift */ = {isa = PBXFileReference; lastKnownFileType = sourcecode.swift; path = AudioChannelLayoutHelper.swift; sourceTree = "<group>"; };
		16DC282F1F9C2C0C008AA3A2 /* DLABCaptureManager.framework */ = {isa = PBXFileReference; explicitFileType = wrapper.framework; includeInIndex = 0; path = DLABCaptureManager.framework; sourceTree = BUILT_PRODUCTS_DIR; };
		16DC28321F9C2C0C008AA3A2 /* DLABCaptureManager.h */ = {isa = PBXFileReference; lastKnownFileType = sourcecode.c.h; path = DLABCaptureManager.h; sourceTree = "<group>"; };
		16DC28331F9C2C0C008AA3A2 /* Info.plist */ = {isa = PBXFileReference; lastKnownFileType = text.plist.xml; path = Info.plist; sourceTree = "<group>"; };
		16DC283A1F9C2C1C008AA3A2 /* CaptureWriter.swift */ = {isa = PBXFileReference; lastKnownFileType = sourcecode.swift; path = CaptureWriter.swift; sourceTree = "<group>"; };
		16DC283B1F9C2C1C008AA3A2 /* CaptureTimecodeHelper.swift */ = {isa = PBXFileReference; lastKnownFileType = sourcecode.swift; path = CaptureTimecodeHelper.swift; sourceTree = "<group>"; };
		16DC283C1F9C2C1C008AA3A2 /* CaptureAudioPreview.swift */ = {isa = PBXFileReference; lastKnownFileType = sourcecode.swift; path = CaptureAudioPreview.swift; sourceTree = "<group>"; };
		16DC283D1F9C2C1C008AA3A2 /* CaptureManager.swift */ = {isa = PBXFileReference; lastKnownFileType = sourcecode.swift; path = CaptureManager.swift; sourceTree = "<group>"; };
		16DC283E1F9C2C1C008AA3A2 /* VideoStyle.swift */ = {isa = PBXFileReference; lastKnownFileType = sourcecode.swift; path = VideoStyle.swift; sourceTree = "<group>"; };
		16DC284C1F9C2D1E008AA3A2 /* DLABridging.framework */ = {isa = PBXFileReference; explicitFileType = wrapper.framework; path = DLABridging.framework; sourceTree = BUILT_PRODUCTS_DIR; };
/* End PBXFileReference section */

/* Begin PBXFrameworksBuildPhase section */
		16DC282B1F9C2C0C008AA3A2 /* Frameworks */ = {
			isa = PBXFrameworksBuildPhase;
			buildActionMask = 2147483647;
			files = (
				168CD3311F9EA1980098EC35 /* DLABridging.framework in Frameworks */,
			);
			runOnlyForDeploymentPostprocessing = 0;
		};
/* End PBXFrameworksBuildPhase section */

/* Begin PBXGroup section */
		16B29FDC1F9C2FE0003D2D1D /* Source */ = {
			isa = PBXGroup;
			children = (
				16DC283D1F9C2C1C008AA3A2 /* CaptureManager.swift */,
				161180E22E19EAE400C4EA8D /* CaptureManager+Util.swift */,
				16DC283E1F9C2C1C008AA3A2 /* VideoStyle.swift */,
				16DC283A1F9C2C1C008AA3A2 /* CaptureWriter.swift */,
				163BE4EC2E359A0500150D80 /* AudioChannelLayoutHelper.swift */,
				16DC283B1F9C2C1C008AA3A2 /* CaptureTimecodeHelper.swift */,
				16DC283C1F9C2C1C008AA3A2 /* CaptureAudioPreview.swift */,
				160397501FA819CF000ED345 /* CaptureVideoPreview.swift */,
				161180E42E19EB7A00C4EA8D /* VideoSampleBufferHelper.swift */,
			);
			path = Source;
			sourceTree = "<group>";
		};
		16DC28251F9C2C0C008AA3A2 = {
			isa = PBXGroup;
			children = (
				16B29FDC1F9C2FE0003D2D1D /* Source */,
				16DC28311F9C2C0C008AA3A2 /* DLABCaptureManager */,
				16DC28301F9C2C0C008AA3A2 /* Products */,
				16DC284A1F9C2D1E008AA3A2 /* Frameworks */,
			);
			sourceTree = "<group>";
		};
		16DC28301F9C2C0C008AA3A2 /* Products */ = {
			isa = PBXGroup;
			children = (
				16DC282F1F9C2C0C008AA3A2 /* DLABCaptureManager.framework */,
			);
			name = Products;
			sourceTree = "<group>";
		};
		16DC28311F9C2C0C008AA3A2 /* DLABCaptureManager */ = {
			isa = PBXGroup;
			children = (
				16DC28321F9C2C0C008AA3A2 /* DLABCaptureManager.h */,
				16DC28331F9C2C0C008AA3A2 /* Info.plist */,
			);
			path = DLABCaptureManager;
			sourceTree = "<group>";
		};
		16DC284A1F9C2D1E008AA3A2 /* Frameworks */ = {
			isa = PBXGroup;
			children = (
				16DC284C1F9C2D1E008AA3A2 /* DLABridging.framework */,
			);
			name = Frameworks;
			sourceTree = "<group>";
		};
/* End PBXGroup section */

/* Begin PBXHeadersBuildPhase section */
		16DC282C1F9C2C0C008AA3A2 /* Headers */ = {
			isa = PBXHeadersBuildPhase;
			buildActionMask = 2147483647;
			files = (
				16DC28341F9C2C0C008AA3A2 /* DLABCaptureManager.h in Headers */,
			);
			runOnlyForDeploymentPostprocessing = 0;
		};
/* End PBXHeadersBuildPhase section */

/* Begin PBXNativeTarget section */
		16DC282E1F9C2C0C008AA3A2 /* DLABCaptureManager */ = {
			isa = PBXNativeTarget;
			buildConfigurationList = 16DC28371F9C2C0C008AA3A2 /* Build configuration list for PBXNativeTarget "DLABCaptureManager" */;
			buildPhases = (
				16DC282A1F9C2C0C008AA3A2 /* Sources */,
				16DC282B1F9C2C0C008AA3A2 /* Frameworks */,
				16DC282C1F9C2C0C008AA3A2 /* Headers */,
				16DC282D1F9C2C0C008AA3A2 /* Resources */,
			);
			buildRules = (
			);
			dependencies = (
			);
			name = DLABCaptureManager;
			productName = DLABCaptureManager;
			productReference = 16DC282F1F9C2C0C008AA3A2 /* DLABCaptureManager.framework */;
			productType = "com.apple.product-type.framework";
		};
/* End PBXNativeTarget section */

/* Begin PBXProject section */
		16DC28261F9C2C0C008AA3A2 /* Project object */ = {
			isa = PBXProject;
			attributes = {
				BuildIndependentTargetsInParallel = YES;
				LastUpgradeCheck = 1640;
				ORGANIZATIONNAME = MyCometG3;
				TargetAttributes = {
					16DC282E1F9C2C0C008AA3A2 = {
						CreatedOnToolsVersion = 9.0.1;
						LastSwiftMigration = 1020;
						ProvisioningStyle = Automatic;
					};
				};
			};
			buildConfigurationList = 16DC28291F9C2C0C008AA3A2 /* Build configuration list for PBXProject "DLABCaptureManager" */;
			compatibilityVersion = "Xcode 8.0";
			developmentRegion = en;
			hasScannedForEncodings = 0;
			knownRegions = (
				en,
				Base,
			);
			mainGroup = 16DC28251F9C2C0C008AA3A2;
			productRefGroup = 16DC28301F9C2C0C008AA3A2 /* Products */;
			projectDirPath = "";
			projectRoot = "";
			targets = (
				16DC282E1F9C2C0C008AA3A2 /* DLABCaptureManager */,
			);
		};
/* End PBXProject section */

/* Begin PBXResourcesBuildPhase section */
		16DC282D1F9C2C0C008AA3A2 /* Resources */ = {
			isa = PBXResourcesBuildPhase;
			buildActionMask = 2147483647;
			files = (
			);
			runOnlyForDeploymentPostprocessing = 0;
		};
/* End PBXResourcesBuildPhase section */

/* Begin PBXSourcesBuildPhase section */
		16DC282A1F9C2C0C008AA3A2 /* Sources */ = {
			isa = PBXSourcesBuildPhase;
			buildActionMask = 2147483647;
			files = (
				16DC28401F9C2C1C008AA3A2 /* CaptureTimecodeHelper.swift in Sources */,
				16DC28421F9C2C1C008AA3A2 /* CaptureManager.swift in Sources */,
				161180E32E19EAE400C4EA8D /* CaptureManager+Util.swift in Sources */,
				161180E52E19EB7A00C4EA8D /* VideoSampleBufferHelper.swift in Sources */,
				163BE4ED2E359A0500150D80 /* AudioChannelLayoutHelper.swift in Sources */,
				16DC28431F9C2C1C008AA3A2 /* VideoStyle.swift in Sources */,
				16DC283F1F9C2C1C008AA3A2 /* CaptureWriter.swift in Sources */,
				16DC28411F9C2C1C008AA3A2 /* CaptureAudioPreview.swift in Sources */,
				160397511FA819CF000ED345 /* CaptureVideoPreview.swift in Sources */,
			);
			runOnlyForDeploymentPostprocessing = 0;
		};
/* End PBXSourcesBuildPhase section */

/* Begin XCBuildConfiguration section */
		16DC28351F9C2C0C008AA3A2 /* Debug */ = {
			isa = XCBuildConfiguration;
			buildSettings = {
				ALWAYS_SEARCH_USER_PATHS = NO;
				CLANG_ANALYZER_NONNULL = YES;
				CLANG_ANALYZER_NUMBER_OBJECT_CONVERSION = YES_AGGRESSIVE;
				CLANG_CXX_LANGUAGE_STANDARD = "gnu++20";
				CLANG_CXX_LIBRARY = "libc++";
				CLANG_ENABLE_MODULES = YES;
				CLANG_ENABLE_OBJC_ARC = YES;
				CLANG_ENABLE_OBJC_WEAK = YES;
				CLANG_WARN_BLOCK_CAPTURE_AUTORELEASING = YES;
				CLANG_WARN_BOOL_CONVERSION = YES;
				CLANG_WARN_COMMA = YES;
				CLANG_WARN_CONSTANT_CONVERSION = YES;
				CLANG_WARN_DEPRECATED_OBJC_IMPLEMENTATIONS = YES;
				CLANG_WARN_DIRECT_OBJC_ISA_USAGE = YES_ERROR;
				CLANG_WARN_DOCUMENTATION_COMMENTS = YES;
				CLANG_WARN_EMPTY_BODY = YES;
				CLANG_WARN_ENUM_CONVERSION = YES;
				CLANG_WARN_INFINITE_RECURSION = YES;
				CLANG_WARN_INT_CONVERSION = YES;
				CLANG_WARN_NON_LITERAL_NULL_CONVERSION = YES;
				CLANG_WARN_OBJC_IMPLICIT_RETAIN_SELF = YES;
				CLANG_WARN_OBJC_LITERAL_CONVERSION = YES;
				CLANG_WARN_OBJC_ROOT_CLASS = YES_ERROR;
				CLANG_WARN_QUOTED_INCLUDE_IN_FRAMEWORK_HEADER = YES;
				CLANG_WARN_RANGE_LOOP_ANALYSIS = YES;
				CLANG_WARN_STRICT_PROTOTYPES = YES;
				CLANG_WARN_SUSPICIOUS_MOVE = YES;
				CLANG_WARN_UNGUARDED_AVAILABILITY = YES_AGGRESSIVE;
				CLANG_WARN_UNREACHABLE_CODE = YES;
				CLANG_WARN__DUPLICATE_METHOD_MATCH = YES;
				CODE_SIGN_IDENTITY = "-";
				COPY_PHASE_STRIP = NO;
				CURRENT_PROJECT_VERSION = 1;
				DEAD_CODE_STRIPPING = YES;
				DEBUG_INFORMATION_FORMAT = dwarf;
				DEVELOPMENT_TEAM = BV5C4YNA4Z;
				ENABLE_STRICT_OBJC_MSGSEND = YES;
				ENABLE_TESTABILITY = YES;
				ENABLE_USER_SCRIPT_SANDBOXING = YES;
				GCC_C_LANGUAGE_STANDARD = gnu17;
				GCC_DYNAMIC_NO_PIC = NO;
				GCC_NO_COMMON_BLOCKS = YES;
				GCC_OPTIMIZATION_LEVEL = 0;
				GCC_PREPROCESSOR_DEFINITIONS = (
					"DEBUG=1",
					"$(inherited)",
				);
				GCC_WARN_64_TO_32_BIT_CONVERSION = YES;
				GCC_WARN_ABOUT_RETURN_TYPE = YES_ERROR;
				GCC_WARN_UNDECLARED_SELECTOR = YES;
				GCC_WARN_UNINITIALIZED_AUTOS = YES_AGGRESSIVE;
				GCC_WARN_UNUSED_FUNCTION = YES;
				GCC_WARN_UNUSED_VARIABLE = YES;
				MACOSX_DEPLOYMENT_TARGET = 10.14;
				MTL_ENABLE_DEBUG_INFO = YES;
				ONLY_ACTIVE_ARCH = YES;
				SDKROOT = macosx;
				SWIFT_ACTIVE_COMPILATION_CONDITIONS = DEBUG;
				SWIFT_OPTIMIZATION_LEVEL = "-Onone";
				VERSIONING_SYSTEM = "apple-generic";
				VERSION_INFO_PREFIX = "";
			};
			name = Debug;
		};
		16DC28361F9C2C0C008AA3A2 /* Release */ = {
			isa = XCBuildConfiguration;
			buildSettings = {
				ALWAYS_SEARCH_USER_PATHS = NO;
				CLANG_ANALYZER_NONNULL = YES;
				CLANG_ANALYZER_NUMBER_OBJECT_CONVERSION = YES_AGGRESSIVE;
				CLANG_CXX_LANGUAGE_STANDARD = "gnu++20";
				CLANG_CXX_LIBRARY = "libc++";
				CLANG_ENABLE_MODULES = YES;
				CLANG_ENABLE_OBJC_ARC = YES;
				CLANG_ENABLE_OBJC_WEAK = YES;
				CLANG_WARN_BLOCK_CAPTURE_AUTORELEASING = YES;
				CLANG_WARN_BOOL_CONVERSION = YES;
				CLANG_WARN_COMMA = YES;
				CLANG_WARN_CONSTANT_CONVERSION = YES;
				CLANG_WARN_DEPRECATED_OBJC_IMPLEMENTATIONS = YES;
				CLANG_WARN_DIRECT_OBJC_ISA_USAGE = YES_ERROR;
				CLANG_WARN_DOCUMENTATION_COMMENTS = YES;
				CLANG_WARN_EMPTY_BODY = YES;
				CLANG_WARN_ENUM_CONVERSION = YES;
				CLANG_WARN_INFINITE_RECURSION = YES;
				CLANG_WARN_INT_CONVERSION = YES;
				CLANG_WARN_NON_LITERAL_NULL_CONVERSION = YES;
				CLANG_WARN_OBJC_IMPLICIT_RETAIN_SELF = YES;
				CLANG_WARN_OBJC_LITERAL_CONVERSION = YES;
				CLANG_WARN_OBJC_ROOT_CLASS = YES_ERROR;
				CLANG_WARN_QUOTED_INCLUDE_IN_FRAMEWORK_HEADER = YES;
				CLANG_WARN_RANGE_LOOP_ANALYSIS = YES;
				CLANG_WARN_STRICT_PROTOTYPES = YES;
				CLANG_WARN_SUSPICIOUS_MOVE = YES;
				CLANG_WARN_UNGUARDED_AVAILABILITY = YES_AGGRESSIVE;
				CLANG_WARN_UNREACHABLE_CODE = YES;
				CLANG_WARN__DUPLICATE_METHOD_MATCH = YES;
				CODE_SIGN_IDENTITY = "-";
				COPY_PHASE_STRIP = NO;
				CURRENT_PROJECT_VERSION = 1;
				DEAD_CODE_STRIPPING = YES;
				DEBUG_INFORMATION_FORMAT = "dwarf-with-dsym";
				DEVELOPMENT_TEAM = BV5C4YNA4Z;
				ENABLE_NS_ASSERTIONS = NO;
				ENABLE_STRICT_OBJC_MSGSEND = YES;
				ENABLE_USER_SCRIPT_SANDBOXING = YES;
				GCC_C_LANGUAGE_STANDARD = gnu17;
				GCC_NO_COMMON_BLOCKS = YES;
				GCC_WARN_64_TO_32_BIT_CONVERSION = YES;
				GCC_WARN_ABOUT_RETURN_TYPE = YES_ERROR;
				GCC_WARN_UNDECLARED_SELECTOR = YES;
				GCC_WARN_UNINITIALIZED_AUTOS = YES_AGGRESSIVE;
				GCC_WARN_UNUSED_FUNCTION = YES;
				GCC_WARN_UNUSED_VARIABLE = YES;
				MACOSX_DEPLOYMENT_TARGET = 10.14;
				MTL_ENABLE_DEBUG_INFO = NO;
				SDKROOT = macosx;
				SWIFT_COMPILATION_MODE = wholemodule;
				SWIFT_OPTIMIZATION_LEVEL = "";
				VERSIONING_SYSTEM = "apple-generic";
				VERSION_INFO_PREFIX = "";
			};
			name = Release;
		};
		16DC28381F9C2C0C008AA3A2 /* Debug */ = {
			isa = XCBuildConfiguration;
			buildSettings = {
				BUILD_LIBRARY_FOR_DISTRIBUTION = YES;
				"CODE_SIGN_IDENTITY[sdk=macosx*]" = "Apple Development";
				COMBINE_HIDPI_IMAGES = YES;
				CURRENT_PROJECT_VERSION = 2025.09.13;
				DEAD_CODE_STRIPPING = YES;
				DEFINES_MODULE = YES;
				DYLIB_COMPATIBILITY_VERSION = 1;
				DYLIB_CURRENT_VERSION = 1;
				DYLIB_INSTALL_NAME_BASE = "@rpath";
				ENABLE_MODULE_VERIFIER = YES;
				FRAMEWORK_VERSION = A;
				INFOPLIST_FILE = DLABCaptureManager/Info.plist;
				INSTALL_PATH = "$(LOCAL_LIBRARY_DIR)/Frameworks";
				LD_RUNPATH_SEARCH_PATHS = (
					"$(inherited)",
					"@executable_path/../Frameworks",
					"@loader_path/Frameworks",
				);
				MACOSX_DEPLOYMENT_TARGET = 11.5;
				MARKETING_VERSION = 0.10.0b2;
				MODULE_VERIFIER_SUPPORTED_LANGUAGES = "objective-c objective-c++";
				MODULE_VERIFIER_SUPPORTED_LANGUAGE_STANDARDS = "gnu17 gnu++20";
				PRODUCT_BUNDLE_IDENTIFIER = com.mycometg3.DLABCaptureManager;
				PRODUCT_NAME = "$(TARGET_NAME:c99extidentifier)";
				SKIP_INSTALL = YES;
				SWIFT_VERSION = 6.0;
			};
			name = Debug;
		};
		16DC28391F9C2C0C008AA3A2 /* Release */ = {
			isa = XCBuildConfiguration;
			buildSettings = {
				BUILD_LIBRARY_FOR_DISTRIBUTION = YES;
				"CODE_SIGN_IDENTITY[sdk=macosx*]" = "Apple Development";
				COMBINE_HIDPI_IMAGES = YES;
				CURRENT_PROJECT_VERSION = 2025.09.13;
				DEAD_CODE_STRIPPING = YES;
				DEFINES_MODULE = YES;
				DYLIB_COMPATIBILITY_VERSION = 1;
				DYLIB_CURRENT_VERSION = 1;
				DYLIB_INSTALL_NAME_BASE = "@rpath";
				ENABLE_MODULE_VERIFIER = YES;
				FRAMEWORK_VERSION = A;
				INFOPLIST_FILE = DLABCaptureManager/Info.plist;
				INSTALL_PATH = "$(LOCAL_LIBRARY_DIR)/Frameworks";
				LD_RUNPATH_SEARCH_PATHS = (
					"$(inherited)",
					"@executable_path/../Frameworks",
					"@loader_path/Frameworks",
				);
				MACOSX_DEPLOYMENT_TARGET = 11.5;
				MARKETING_VERSION = 0.10.0b2;
				MODULE_VERIFIER_SUPPORTED_LANGUAGES = "objective-c objective-c++";
				MODULE_VERIFIER_SUPPORTED_LANGUAGE_STANDARDS = "gnu17 gnu++20";
				PRODUCT_BUNDLE_IDENTIFIER = com.mycometg3.DLABCaptureManager;
				PRODUCT_NAME = "$(TARGET_NAME:c99extidentifier)";
				SKIP_INSTALL = YES;
				SWIFT_VERSION = 6.0;
			};
			name = Release;
		};
/* End XCBuildConfiguration section */

/* Begin XCConfigurationList section */
		16DC28291F9C2C0C008AA3A2 /* Build configuration list for PBXProject "DLABCaptureManager" */ = {
			isa = XCConfigurationList;
			buildConfigurations = (
				16DC28351F9C2C0C008AA3A2 /* Debug */,
				16DC28361F9C2C0C008AA3A2 /* Release */,
			);
			defaultConfigurationIsVisible = 0;
			defaultConfigurationName = Release;
		};
		16DC28371F9C2C0C008AA3A2 /* Build configuration list for PBXNativeTarget "DLABCaptureManager" */ = {
			isa = XCConfigurationList;
			buildConfigurations = (
				16DC28381F9C2C0C008AA3A2 /* Debug */,
				16DC28391F9C2C0C008AA3A2 /* Release */,
			);
			defaultConfigurationIsVisible = 0;
			defaultConfigurationName = Release;
		};
/* End XCConfigurationList section */
	};
	rootObject = 16DC28261F9C2C0C008AA3A2 /* Project object */;
}
